// !$*UTF8*$!
{
	archiveVersion = 1;
	classes = {
	};
	objectVersion = 77;
	objects = {

/* Begin PBXContainerItemProxy section */
		10BC75E72DBB150D00D5062B /* PBXContainerItemProxy */ = {
			isa = PBXContainerItemProxy;
			containerPortal = 10BC75D12DBB150C00D5062B /* Project object */;
			proxyType = 1;
			remoteGlobalIDString = 10BC75D82DBB150C00D5062B;
			remoteInfo = nostrTV;
		};
		10BC75F12DBB150D00D5062B /* PBXContainerItemProxy */ = {
			isa = PBXContainerItemProxy;
			containerPortal = 10BC75D12DBB150C00D5062B /* Project object */;
			proxyType = 1;
			remoteGlobalIDString = 10BC75D82DBB150C00D5062B;
			remoteInfo = nostrTV;
		};
/* End PBXContainerItemProxy section */

/* Begin PBXFileReference section */
		10BC75D92DBB150C00D5062B /* nostrTV.app */ = {isa = PBXFileReference; explicitFileType = wrapper.application; includeInIndex = 0; path = nostrTV.app; sourceTree = BUILT_PRODUCTS_DIR; };
		10BC75E62DBB150D00D5062B /* nostrTVTests.xctest */ = {isa = PBXFileReference; explicitFileType = wrapper.cfbundle; includeInIndex = 0; path = nostrTVTests.xctest; sourceTree = BUILT_PRODUCTS_DIR; };
		10BC75F02DBB150D00D5062B /* nostrTVUITests.xctest */ = {isa = PBXFileReference; explicitFileType = wrapper.cfbundle; includeInIndex = 0; path = nostrTVUITests.xctest; sourceTree = BUILT_PRODUCTS_DIR; };
/* End PBXFileReference section */

/* Begin PBXFileSystemSynchronizedRootGroup section */
		10BC75DB2DBB150C00D5062B /* nostrTV */ = {
			isa = PBXFileSystemSynchronizedRootGroup;
			path = nostrTV;
			sourceTree = "<group>";
		};
		10BC75E92DBB150D00D5062B /* nostrTVTests */ = {
			isa = PBXFileSystemSynchronizedRootGroup;
			path = nostrTVTests;
			sourceTree = "<group>";
		};
		10BC75F32DBB150D00D5062B /* nostrTVUITests */ = {
			isa = PBXFileSystemSynchronizedRootGroup;
			path = nostrTVUITests;
			sourceTree = "<group>";
		};
/* End PBXFileSystemSynchronizedRootGroup section */

/* Begin PBXFrameworksBuildPhase section */
		10BC75D62DBB150C00D5062B /* Frameworks */ = {
			isa = PBXFrameworksBuildPhase;
			buildActionMask = 2147483647;
			files = (
			);
			runOnlyForDeploymentPostprocessing = 0;
		};
		10BC75E32DBB150D00D5062B /* Frameworks */ = {
			isa = PBXFrameworksBuildPhase;
			buildActionMask = 2147483647;
			files = (
			);
			runOnlyForDeploymentPostprocessing = 0;
		};
		10BC75ED2DBB150D00D5062B /* Frameworks */ = {
			isa = PBXFrameworksBuildPhase;
			buildActionMask = 2147483647;
			files = (
			);
			runOnlyForDeploymentPostprocessing = 0;
		};
/* End PBXFrameworksBuildPhase section */

/* Begin PBXGroup section */
		10BC75D02DBB150C00D5062B = {
			isa = PBXGroup;
			children = (
				10BC75DB2DBB150C00D5062B /* nostrTV */,
				10BC75E92DBB150D00D5062B /* nostrTVTests */,
				10BC75F32DBB150D00D5062B /* nostrTVUITests */,
				10BC75DA2DBB150C00D5062B /* Products */,
			);
			sourceTree = "<group>";
		};
		10BC75DA2DBB150C00D5062B /* Products */ = {
			isa = PBXGroup;
			children = (
				10BC75D92DBB150C00D5062B /* nostrTV.app */,
				10BC75E62DBB150D00D5062B /* nostrTVTests.xctest */,
				10BC75F02DBB150D00D5062B /* nostrTVUITests.xctest */,
			);
			name = Products;
			sourceTree = "<group>";
		};
/* End PBXGroup section */

/* Begin PBXNativeTarget section */
		10BC75D82DBB150C00D5062B /* nostrTV */ = {
			isa = PBXNativeTarget;
			buildConfigurationList = 10BC75FA2DBB150D00D5062B /* Build configuration list for PBXNativeTarget "nostrTV" */;
			buildPhases = (
				10BC75D52DBB150C00D5062B /* Sources */,
				10BC75D62DBB150C00D5062B /* Frameworks */,
				10BC75D72DBB150C00D5062B /* Resources */,
			);
			buildRules = (
			);
			dependencies = (
			);
			fileSystemSynchronizedGroups = (
				10BC75DB2DBB150C00D5062B /* nostrTV */,
			);
			name = nostrTV;
			packageProductDependencies = (
			);
			productName = nostrTV;
			productReference = 10BC75D92DBB150C00D5062B /* nostrTV.app */;
			productType = "com.apple.product-type.application";
		};
		10BC75E52DBB150D00D5062B /* nostrTVTests */ = {
			isa = PBXNativeTarget;
			buildConfigurationList = 10BC75FD2DBB150D00D5062B /* Build configuration list for PBXNativeTarget "nostrTVTests" */;
			buildPhases = (
				10BC75E22DBB150D00D5062B /* Sources */,
				10BC75E32DBB150D00D5062B /* Frameworks */,
				10BC75E42DBB150D00D5062B /* Resources */,
			);
			buildRules = (
			);
			dependencies = (
				10BC75E82DBB150D00D5062B /* PBXTargetDependency */,
			);
			fileSystemSynchronizedGroups = (
				10BC75E92DBB150D00D5062B /* nostrTVTests */,
			);
			name = nostrTVTests;
			packageProductDependencies = (
			);
			productName = nostrTVTests;
			productReference = 10BC75E62DBB150D00D5062B /* nostrTVTests.xctest */;
			productType = "com.apple.product-type.bundle.unit-test";
		};
		10BC75EF2DBB150D00D5062B /* nostrTVUITests */ = {
			isa = PBXNativeTarget;
			buildConfigurationList = 10BC76002DBB150D00D5062B /* Build configuration list for PBXNativeTarget "nostrTVUITests" */;
			buildPhases = (
				10BC75EC2DBB150D00D5062B /* Sources */,
				10BC75ED2DBB150D00D5062B /* Frameworks */,
				10BC75EE2DBB150D00D5062B /* Resources */,
			);
			buildRules = (
			);
			dependencies = (
				10BC75F22DBB150D00D5062B /* PBXTargetDependency */,
			);
			fileSystemSynchronizedGroups = (
				10BC75F32DBB150D00D5062B /* nostrTVUITests */,
			);
			name = nostrTVUITests;
			packageProductDependencies = (
			);
			productName = nostrTVUITests;
			productReference = 10BC75F02DBB150D00D5062B /* nostrTVUITests.xctest */;
			productType = "com.apple.product-type.bundle.ui-testing";
		};
/* End PBXNativeTarget section */

/* Begin PBXProject section */
		10BC75D12DBB150C00D5062B /* Project object */ = {
			isa = PBXProject;
			attributes = {
				BuildIndependentTargetsInParallel = 1;
				LastSwiftUpdateCheck = 1630;
				LastUpgradeCheck = 1630;
				TargetAttributes = {
					10BC75D82DBB150C00D5062B = {
						CreatedOnToolsVersion = 16.3;
					};
					10BC75E52DBB150D00D5062B = {
						CreatedOnToolsVersion = 16.3;
						TestTargetID = 10BC75D82DBB150C00D5062B;
					};
					10BC75EF2DBB150D00D5062B = {
						CreatedOnToolsVersion = 16.3;
						TestTargetID = 10BC75D82DBB150C00D5062B;
					};
				};
			};
			buildConfigurationList = 10BC75D42DBB150C00D5062B /* Build configuration list for PBXProject "nostrTV" */;
			developmentRegion = en;
			hasScannedForEncodings = 0;
			knownRegions = (
				en,
				Base,
			);
			mainGroup = 10BC75D02DBB150C00D5062B;
			minimizedProjectReferenceProxies = 1;
			preferredProjectObjectVersion = 77;
			productRefGroup = 10BC75DA2DBB150C00D5062B /* Products */;
			projectDirPath = "";
			projectRoot = "";
			targets = (
				10BC75D82DBB150C00D5062B /* nostrTV */,
				10BC75E52DBB150D00D5062B /* nostrTVTests */,
				10BC75EF2DBB150D00D5062B /* nostrTVUITests */,
			);
		};
/* End PBXProject section */

/* Begin PBXResourcesBuildPhase section */
		10BC75D72DBB150C00D5062B /* Resources */ = {
			isa = PBXResourcesBuildPhase;
			buildActionMask = 2147483647;
			files = (
			);
			runOnlyForDeploymentPostprocessing = 0;
		};
		10BC75E42DBB150D00D5062B /* Resources */ = {
			isa = PBXResourcesBuildPhase;
			buildActionMask = 2147483647;
			files = (
			);
			runOnlyForDeploymentPostprocessing = 0;
		};
		10BC75EE2DBB150D00D5062B /* Resources */ = {
			isa = PBXResourcesBuildPhase;
			buildActionMask = 2147483647;
			files = (
			);
			runOnlyForDeploymentPostprocessing = 0;
		};
/* End PBXResourcesBuildPhase section */

/* Begin PBXSourcesBuildPhase section */
		10BC75D52DBB150C00D5062B /* Sources */ = {
			isa = PBXSourcesBuildPhase;
			buildActionMask = 2147483647;
			files = (
			);
			runOnlyForDeploymentPostprocessing = 0;
		};
		10BC75E22DBB150D00D5062B /* Sources */ = {
			isa = PBXSourcesBuildPhase;
			buildActionMask = 2147483647;
			files = (
			);
			runOnlyForDeploymentPostprocessing = 0;
		};
		10BC75EC2DBB150D00D5062B /* Sources */ = {
			isa = PBXSourcesBuildPhase;
			buildActionMask = 2147483647;
			files = (
			);
			runOnlyForDeploymentPostprocessing = 0;
		};
/* End PBXSourcesBuildPhase section */

/* Begin PBXTargetDependency section */
		10BC75E82DBB150D00D5062B /* PBXTargetDependency */ = {
			isa = PBXTargetDependency;
			target = 10BC75D82DBB150C00D5062B /* nostrTV */;
			targetProxy = 10BC75E72DBB150D00D5062B /* PBXContainerItemProxy */;
		};
		10BC75F22DBB150D00D5062B /* PBXTargetDependency */ = {
			isa = PBXTargetDependency;
			target = 10BC75D82DBB150C00D5062B /* nostrTV */;
			targetProxy = 10BC75F12DBB150D00D5062B /* PBXContainerItemProxy */;
		};
/* End PBXTargetDependency section */

/* Begin XCBuildConfiguration section */
		10BC75F82DBB150D00D5062B /* Debug */ = {
			isa = XCBuildConfiguration;
			buildSettings = {
				ALWAYS_SEARCH_USER_PATHS = NO;
				ASSETCATALOG_COMPILER_GENERATE_SWIFT_ASSET_SYMBOL_EXTENSIONS = YES;
				CLANG_ANALYZER_NONNULL = YES;
				CLANG_ANALYZER_NUMBER_OBJECT_CONVERSION = YES_AGGRESSIVE;
				CLANG_CXX_LANGUAGE_STANDARD = "gnu++20";
				CLANG_ENABLE_MODULES = YES;
				CLANG_ENABLE_OBJC_ARC = YES;
				CLANG_ENABLE_OBJC_WEAK = YES;
				CLANG_WARN_BLOCK_CAPTURE_AUTORELEASING = YES;
				CLANG_WARN_BOOL_CONVERSION = YES;
				CLANG_WARN_COMMA = YES;
				CLANG_WARN_CONSTANT_CONVERSION = YES;
				CLANG_WARN_DEPRECATED_OBJC_IMPLEMENTATIONS = YES;
				CLANG_WARN_DIRECT_OBJC_ISA_USAGE = YES_ERROR;
				CLANG_WARN_DOCUMENTATION_COMMENTS = YES;
				CLANG_WARN_EMPTY_BODY = YES;
				CLANG_WARN_ENUM_CONVERSION = YES;
				CLANG_WARN_INFINITE_RECURSION = YES;
				CLANG_WARN_INT_CONVERSION = YES;
				CLANG_WARN_NON_LITERAL_NULL_CONVERSION = YES;
				CLANG_WARN_OBJC_IMPLICIT_RETAIN_SELF = YES;
				CLANG_WARN_OBJC_LITERAL_CONVERSION = YES;
				CLANG_WARN_OBJC_ROOT_CLASS = YES_ERROR;
				CLANG_WARN_QUOTED_INCLUDE_IN_FRAMEWORK_HEADER = YES;
				CLANG_WARN_RANGE_LOOP_ANALYSIS = YES;
				CLANG_WARN_STRICT_PROTOTYPES = YES;
				CLANG_WARN_SUSPICIOUS_MOVE = YES;
				CLANG_WARN_UNGUARDED_AVAILABILITY = YES_AGGRESSIVE;
				CLANG_WARN_UNREACHABLE_CODE = YES;
				CLANG_WARN__DUPLICATE_METHOD_MATCH = YES;
				COPY_PHASE_STRIP = NO;
				DEBUG_INFORMATION_FORMAT = dwarf;
				DEVELOPMENT_TEAM = GW874N6RWX;
				ENABLE_STRICT_OBJC_MSGSEND = YES;
				ENABLE_TESTABILITY = YES;
				ENABLE_USER_SCRIPT_SANDBOXING = YES;
				GCC_C_LANGUAGE_STANDARD = gnu17;
				GCC_DYNAMIC_NO_PIC = NO;
				GCC_NO_COMMON_BLOCKS = YES;
				GCC_OPTIMIZATION_LEVEL = 0;
				GCC_PREPROCESSOR_DEFINITIONS = (
					"DEBUG=1",
					"$(inherited)",
				);
				GCC_WARN_64_TO_32_BIT_CONVERSION = YES;
				GCC_WARN_ABOUT_RETURN_TYPE = YES_ERROR;
				GCC_WARN_UNDECLARED_SELECTOR = YES;
				GCC_WARN_UNINITIALIZED_AUTOS = YES_AGGRESSIVE;
				GCC_WARN_UNUSED_FUNCTION = YES;
				GCC_WARN_UNUSED_VARIABLE = YES;
				LOCALIZATION_PREFERS_STRING_CATALOGS = YES;
				MTL_ENABLE_DEBUG_INFO = INCLUDE_SOURCE;
				MTL_FAST_MATH = YES;
				ONLY_ACTIVE_ARCH = YES;
				SDKROOT = appletvos;
				SWIFT_ACTIVE_COMPILATION_CONDITIONS = "DEBUG $(inherited)";
				SWIFT_OPTIMIZATION_LEVEL = "-Onone";
				TVOS_DEPLOYMENT_TARGET = 18.4;
			};
			name = Debug;
		};
		10BC75F92DBB150D00D5062B /* Release */ = {
			isa = XCBuildConfiguration;
			buildSettings = {
				ALWAYS_SEARCH_USER_PATHS = NO;
				ASSETCATALOG_COMPILER_GENERATE_SWIFT_ASSET_SYMBOL_EXTENSIONS = YES;
				CLANG_ANALYZER_NONNULL = YES;
				CLANG_ANALYZER_NUMBER_OBJECT_CONVERSION = YES_AGGRESSIVE;
				CLANG_CXX_LANGUAGE_STANDARD = "gnu++20";
				CLANG_ENABLE_MODULES = YES;
				CLANG_ENABLE_OBJC_ARC = YES;
				CLANG_ENABLE_OBJC_WEAK = YES;
				CLANG_WARN_BLOCK_CAPTURE_AUTORELEASING = YES;
				CLANG_WARN_BOOL_CONVERSION = YES;
				CLANG_WARN_COMMA = YES;
				CLANG_WARN_CONSTANT_CONVERSION = YES;
				CLANG_WARN_DEPRECATED_OBJC_IMPLEMENTATIONS = YES;
				CLANG_WARN_DIRECT_OBJC_ISA_USAGE = YES_ERROR;
				CLANG_WARN_DOCUMENTATION_COMMENTS = YES;
				CLANG_WARN_EMPTY_BODY = YES;
				CLANG_WARN_ENUM_CONVERSION = YES;
				CLANG_WARN_INFINITE_RECURSION = YES;
				CLANG_WARN_INT_CONVERSION = YES;
				CLANG_WARN_NON_LITERAL_NULL_CONVERSION = YES;
				CLANG_WARN_OBJC_IMPLICIT_RETAIN_SELF = YES;
				CLANG_WARN_OBJC_LITERAL_CONVERSION = YES;
				CLANG_WARN_OBJC_ROOT_CLASS = YES_ERROR;
				CLANG_WARN_QUOTED_INCLUDE_IN_FRAMEWORK_HEADER = YES;
				CLANG_WARN_RANGE_LOOP_ANALYSIS = YES;
				CLANG_WARN_STRICT_PROTOTYPES = YES;
				CLANG_WARN_SUSPICIOUS_MOVE = YES;
				CLANG_WARN_UNGUARDED_AVAILABILITY = YES_AGGRESSIVE;
				CLANG_WARN_UNREACHABLE_CODE = YES;
				CLANG_WARN__DUPLICATE_METHOD_MATCH = YES;
				COPY_PHASE_STRIP = NO;
				DEBUG_INFORMATION_FORMAT = "dwarf-with-dsym";
				DEVELOPMENT_TEAM = GW874N6RWX;
				ENABLE_NS_ASSERTIONS = NO;
				ENABLE_STRICT_OBJC_MSGSEND = YES;
				ENABLE_USER_SCRIPT_SANDBOXING = YES;
				GCC_C_LANGUAGE_STANDARD = gnu17;
				GCC_NO_COMMON_BLOCKS = YES;
				GCC_WARN_64_TO_32_BIT_CONVERSION = YES;
				GCC_WARN_ABOUT_RETURN_TYPE = YES_ERROR;
				GCC_WARN_UNDECLARED_SELECTOR = YES;
				GCC_WARN_UNINITIALIZED_AUTOS = YES_AGGRESSIVE;
				GCC_WARN_UNUSED_FUNCTION = YES;
				GCC_WARN_UNUSED_VARIABLE = YES;
				LOCALIZATION_PREFERS_STRING_CATALOGS = YES;
				MTL_ENABLE_DEBUG_INFO = NO;
				MTL_FAST_MATH = YES;
				SDKROOT = appletvos;
				SWIFT_COMPILATION_MODE = wholemodule;
				TVOS_DEPLOYMENT_TARGET = 18.4;
				VALIDATE_PRODUCT = YES;
			};
			name = Release;
		};
		10BC75FB2DBB150D00D5062B /* Debug */ = {
			isa = XCBuildConfiguration;
			buildSettings = {
				ASSETCATALOG_COMPILER_APPICON_NAME = "App Icon & Top Shelf Image";
				ASSETCATALOG_COMPILER_GLOBAL_ACCENT_COLOR_NAME = AccentColor;
				ASSETCATALOG_COMPILER_INCLUDE_ALL_APPICON_ASSETS = YES;
				CODE_SIGN_IDENTITY = "Apple Development";
				CODE_SIGN_STYLE = Automatic;
				CURRENT_PROJECT_VERSION = 2;
				DEVELOPMENT_TEAM = GW874N6RWX;
				ENABLE_PREVIEWS = YES;
				GENERATE_INFOPLIST_FILE = YES;
				INFOPLIST_KEY_CFBundleDisplayName = nostrTV;
				INFOPLIST_KEY_LSApplicationCategoryType = "public.app-category.social-networking";
				INFOPLIST_KEY_UILaunchScreen_Generation = YES;
				INFOPLIST_KEY_UIUserInterfaceStyle = Automatic;
				LD_RUNPATH_SEARCH_PATHS = (
					"$(inherited)",
					"@executable_path/Frameworks",
				);
				MARKETING_VERSION = 2.0;
				PRODUCT_BUNDLE_IDENTIFIER = stream.nostrTV;
				PRODUCT_NAME = "$(TARGET_NAME)";
				PROVISIONING_PROFILE_SPECIFIER = "";
				SWIFT_EMIT_LOC_STRINGS = YES;
				SWIFT_VERSION = 5.0;
				TARGETED_DEVICE_FAMILY = 3;
				TVOS_DEPLOYMENT_TARGET = 18.0;
			};
			name = Debug;
		};
		10BC75FC2DBB150D00D5062B /* Release */ = {
			isa = XCBuildConfiguration;
			buildSettings = {
				ASSETCATALOG_COMPILER_APPICON_NAME = "App Icon & Top Shelf Image";
				ASSETCATALOG_COMPILER_GLOBAL_ACCENT_COLOR_NAME = AccentColor;
				ASSETCATALOG_COMPILER_INCLUDE_ALL_APPICON_ASSETS = YES;
				CODE_SIGN_IDENTITY = "Apple Development";
				CODE_SIGN_STYLE = Automatic;
				CURRENT_PROJECT_VERSION = 2;
				DEVELOPMENT_TEAM = GW874N6RWX;
				ENABLE_PREVIEWS = YES;
				GENERATE_INFOPLIST_FILE = YES;
				INFOPLIST_KEY_CFBundleDisplayName = nostrTV;
				INFOPLIST_KEY_LSApplicationCategoryType = "public.app-category.social-networking";
				INFOPLIST_KEY_UILaunchScreen_Generation = YES;
				INFOPLIST_KEY_UIUserInterfaceStyle = Automatic;
				LD_RUNPATH_SEARCH_PATHS = (
					"$(inherited)",
					"@executable_path/Frameworks",
				);
				MARKETING_VERSION = 2.0;
				PRODUCT_BUNDLE_IDENTIFIER = stream.nostrTV;
				PRODUCT_NAME = "$(TARGET_NAME)";
				PROVISIONING_PROFILE_SPECIFIER = "";
				SWIFT_EMIT_LOC_STRINGS = YES;
				SWIFT_VERSION = 5.0;
				TARGETED_DEVICE_FAMILY = 3;
				TVOS_DEPLOYMENT_TARGET = 18.0;
			};
			name = Release;
		};
		10BC75FE2DBB150D00D5062B /* Debug */ = {
			isa = XCBuildConfiguration;
			buildSettings = {
				BUNDLE_LOADER = "$(TEST_HOST)";
				CODE_SIGN_STYLE = Automatic;
				CURRENT_PROJECT_VERSION = 1;
				DEVELOPMENT_TEAM = GW874N6RWX;
				GENERATE_INFOPLIST_FILE = YES;
				MARKETING_VERSION = 1.0;
				PRODUCT_BUNDLE_IDENTIFIER = stream.nostrTVTests;
				PRODUCT_NAME = "$(TARGET_NAME)";
				SWIFT_EMIT_LOC_STRINGS = NO;
				SWIFT_VERSION = 5.0;
				TARGETED_DEVICE_FAMILY = 3;
				TEST_HOST = "$(BUILT_PRODUCTS_DIR)/nostrTV.app/$(BUNDLE_EXECUTABLE_FOLDER_PATH)/nostrTV";
				TVOS_DEPLOYMENT_TARGET = 18.4;
			};
			name = Debug;
		};
		10BC75FF2DBB150D00D5062B /* Release */ = {
			isa = XCBuildConfiguration;
			buildSettings = {
				BUNDLE_LOADER = "$(TEST_HOST)";
				CODE_SIGN_STYLE = Automatic;
				CURRENT_PROJECT_VERSION = 1;
				DEVELOPMENT_TEAM = GW874N6RWX;
				GENERATE_INFOPLIST_FILE = YES;
				MARKETING_VERSION = 1.0;
				PRODUCT_BUNDLE_IDENTIFIER = stream.nostrTVTests;
				PRODUCT_NAME = "$(TARGET_NAME)";
				SWIFT_EMIT_LOC_STRINGS = NO;
				SWIFT_VERSION = 5.0;
				TARGETED_DEVICE_FAMILY = 3;
				TEST_HOST = "$(BUILT_PRODUCTS_DIR)/nostrTV.app/$(BUNDLE_EXECUTABLE_FOLDER_PATH)/nostrTV";
				TVOS_DEPLOYMENT_TARGET = 18.4;
			};
			name = Release;
		};
		10BC76012DBB150D00D5062B /* Debug */ = {
			isa = XCBuildConfiguration;
			buildSettings = {
				CODE_SIGN_STYLE = Automatic;
				CURRENT_PROJECT_VERSION = 1;
				DEVELOPMENT_TEAM = GW874N6RWX;
				GENERATE_INFOPLIST_FILE = YES;
				MARKETING_VERSION = 1.0;
				PRODUCT_BUNDLE_IDENTIFIER = stream.nostrTVUITests;
				PRODUCT_NAME = "$(TARGET_NAME)";
				SWIFT_EMIT_LOC_STRINGS = NO;
				SWIFT_VERSION = 5.0;
				TARGETED_DEVICE_FAMILY = 3;
				TEST_TARGET_NAME = nostrTV;
			};
			name = Debug;
		};
		10BC76022DBB150D00D5062B /* Release */ = {
			isa = XCBuildConfiguration;
			buildSettings = {
				CODE_SIGN_STYLE = Automatic;
				CURRENT_PROJECT_VERSION = 1;
				DEVELOPMENT_TEAM = GW874N6RWX;
				GENERATE_INFOPLIST_FILE = YES;
				MARKETING_VERSION = 1.0;
				PRODUCT_BUNDLE_IDENTIFIER = stream.nostrTVUITests;
				PRODUCT_NAME = "$(TARGET_NAME)";
				SWIFT_EMIT_LOC_STRINGS = NO;
				SWIFT_VERSION = 5.0;
				TARGETED_DEVICE_FAMILY = 3;
				TEST_TARGET_NAME = nostrTV;
			};
			name = Release;
		};
/* End XCBuildConfiguration section */

/* Begin XCConfigurationList section */
		10BC75D42DBB150C00D5062B /* Build configuration list for PBXProject "nostrTV" */ = {
			isa = XCConfigurationList;
			buildConfigurations = (
				10BC75F82DBB150D00D5062B /* Debug */,
				10BC75F92DBB150D00D5062B /* Release */,
			);
			defaultConfigurationIsVisible = 0;
			defaultConfigurationName = Release;
		};
		10BC75FA2DBB150D00D5062B /* Build configuration list for PBXNativeTarget "nostrTV" */ = {
			isa = XCConfigurationList;
			buildConfigurations = (
				10BC75FB2DBB150D00D5062B /* Debug */,
				10BC75FC2DBB150D00D5062B /* Release */,
			);
			defaultConfigurationIsVisible = 0;
			defaultConfigurationName = Release;
		};
		10BC75FD2DBB150D00D5062B /* Build configuration list for PBXNativeTarget "nostrTVTests" */ = {
			isa = XCConfigurationList;
			buildConfigurations = (
				10BC75FE2DBB150D00D5062B /* Debug */,
				10BC75FF2DBB150D00D5062B /* Release */,
			);
			defaultConfigurationIsVisible = 0;
			defaultConfigurationName = Release;
		};
		10BC76002DBB150D00D5062B /* Build configuration list for PBXNativeTarget "nostrTVUITests" */ = {
			isa = XCConfigurationList;
			buildConfigurations = (
				10BC76012DBB150D00D5062B /* Debug */,
				10BC76022DBB150D00D5062B /* Release */,
			);
			defaultConfigurationIsVisible = 0;
			defaultConfigurationName = Release;
		};
/* End XCConfigurationList section */
	};
	rootObject = 10BC75D12DBB150C00D5062B /* Project object */;
}
